
Microsoft Visual Studio Solution File, Format Version 12.00
# Visual Studio Version 16
VisualStudioVersion = 16.0.31624.102
MinimumVisualStudioVersion = 10.0.40219.1
Project("{FAE04EC0-301F-11D3-BF4B-00C04F79EFBC}") = "BankLibrary.Test", "BankLibrary.Test\BankLibrary.Test.csproj", "{5B691C26-5BCA-4B26-AECD-B7E5180E6B73}"
EndProject
Project("{FAE04EC0-301F-11D3-BF4B-00C04F79EFBC}") = "BankLibrary", "BankLibrary\BankLibrary.csproj", "{FB0179BB-E1EF-4EAF-A802-85457A86BB27}"
EndProject
Global
	GlobalSection(SolutionConfigurationPlatforms) = preSolution
		Debug|Any CPU = Debug|Any CPU
		Release|Any CPU = Release|Any CPU
	EndGlobalSection
	GlobalSection(ProjectConfigurationPlatforms) = postSolution
		{5B691C26-5BCA-4B26-AECD-B7E5180E6B73}.Debug|Any CPU.ActiveCfg = Debug|Any CPU
		{5B691C26-5BCA-4B26-AECD-B7E5180E6B73}.Debug|Any CPU.Build.0 = Debug|Any CPU
		{5B691C26-5BCA-4B26-AECD-B7E5180E6B73}.Release|Any CPU.ActiveCfg = Release|Any CPU
		{5B691C26-5BCA-4B26-AECD-B7E5180E6B73}.Release|Any CPU.Build.0 = Release|Any CPU
		{FB0179BB-E1EF-4EAF-A802-85457A86BB27}.Debug|Any CPU.ActiveCfg = Debug|Any CPU
		{FB0179BB-E1EF-4EAF-A802-85457A86BB27}.Debug|Any CPU.Build.0 = Debug|Any CPU
		{FB0179BB-E1EF-4EAF-A802-85457A86BB27}.Release|Any CPU.ActiveCfg = Release|Any CPU
		{FB0179BB-E1EF-4EAF-A802-85457A86BB27}.Release|Any CPU.Build.0 = Release|Any CPU
	EndGlobalSection
	GlobalSection(SolutionProperties) = preSolution
		HideSolutionNode = FALSE
	EndGlobalSection
	GlobalSection(ExtensibilityGlobals) = postSolution
		SolutionGuid = {1613B4A8-4112-4474-ADAB-F4A595874933}
	EndGlobalSection
EndGlobal
